
Microsoft Visual Studio Solution File, Format Version 12.00
# Visual Studio Version 17
VisualStudioVersion = 17.5.33424.131
MinimumVisualStudioVersion = 10.0.40219.1
Project("{FAE04EC0-301F-11D3-BF4B-00C04F79EFBC}") = "SerilogExtensionDemo", "SerilogExtensionDemo\SerilogExtensionDemo.csproj", "{D66D0801-90D1-45BD-BFF8-5DCF2C5916A4}"
EndProject
Project("{9A19103F-16F7-4668-BE54-9A1E7A4F7556}") = "Serilog.SharedLogContext", "Serilog.SharedLogContext\Serilog.SharedLogContext.csproj", "{97B23BDA-B866-4828-AB49-97DC097508DC}"
EndProject
Global
	GlobalSection(SolutionConfigurationPlatforms) = preSolution
		Debug|Any CPU = Debug|Any CPU
		Release|Any CPU = Release|Any CPU
	EndGlobalSection
	GlobalSection(ProjectConfigurationPlatforms) = postSolution
		{D66D0801-90D1-45BD-BFF8-5DCF2C5916A4}.Debug|Any CPU.ActiveCfg = Debug|Any CPU
		{D66D0801-90D1-45BD-BFF8-5DCF2C5916A4}.Debug|Any CPU.Build.0 = Debug|Any CPU
		{D66D0801-90D1-45BD-BFF8-5DCF2C5916A4}.Release|Any CPU.ActiveCfg = Release|Any CPU
		{D66D0801-90D1-45BD-BFF8-5DCF2C5916A4}.Release|Any CPU.Build.0 = Release|Any CPU
		{97B23BDA-B866-4828-AB49-97DC097508DC}.Debug|Any CPU.ActiveCfg = Debug|Any CPU
		{97B23BDA-B866-4828-AB49-97DC097508DC}.Debug|Any CPU.Build.0 = Debug|Any CPU
		{97B23BDA-B866-4828-AB49-97DC097508DC}.Release|Any CPU.ActiveCfg = Release|Any CPU
		{97B23BDA-B866-4828-AB49-97DC097508DC}.Release|Any CPU.Build.0 = Release|Any CPU
	EndGlobalSection
	GlobalSection(SolutionProperties) = preSolution
		HideSolutionNode = FALSE
	EndGlobalSection
	GlobalSection(ExtensibilityGlobals) = postSolution
		SolutionGuid = {2AF9711F-9075-4178-83C4-37220FB5D01D}
	EndGlobalSection
EndGlobal
